// !$*UTF8*$!
{
	archiveVersion = 1;
	classes = {
	};
	objectVersion = 51;
	objects = {

/* Begin PBXBuildFile section */
		715D652948E53B5AAE34B288 /* Pods_Chat2chat_objcTests.framework in Frameworks */ = {isa = PBXBuildFile; fileRef = 9650D2E933BF85646D0E9DF5 /* Pods_Chat2chat_objcTests.framework */; };
		CA7691485C96032B63D57C03 /* Pods_Chat2chat_objc.framework in Frameworks */ = {isa = PBXBuildFile; fileRef = D7E3FE43957F489957B91C56 /* Pods_Chat2chat_objc.framework */; };
		D2191E5A268612B8009B2848 /* AppDelegate.m in Sources */ = {isa = PBXBuildFile; fileRef = D2191E59268612B8009B2848 /* AppDelegate.m */; };
		D2191E5D268612B8009B2848 /* SceneDelegate.m in Sources */ = {isa = PBXBuildFile; fileRef = D2191E5C268612B8009B2848 /* SceneDelegate.m */; };
		D2191E63268612B8009B2848 /* Main.storyboard in Resources */ = {isa = PBXBuildFile; fileRef = D2191E61268612B8009B2848 /* Main.storyboard */; };
		D2191E65268612BD009B2848 /* Assets.xcassets in Resources */ = {isa = PBXBuildFile; fileRef = D2191E64268612BD009B2848 /* Assets.xcassets */; };
		D2191E68268612BD009B2848 /* LaunchScreen.storyboard in Resources */ = {isa = PBXBuildFile; fileRef = D2191E66268612BD009B2848 /* LaunchScreen.storyboard */; };
		D2191E6B268612BD009B2848 /* main.m in Sources */ = {isa = PBXBuildFile; fileRef = D2191E6A268612BD009B2848 /* main.m */; };
		D2191E75268612BD009B2848 /* Chat2chat_objcTests.m in Sources */ = {isa = PBXBuildFile; fileRef = D2191E74268612BD009B2848 /* Chat2chat_objcTests.m */; };
		D2191E80268612BD009B2848 /* Chat2chat_objcUITests.m in Sources */ = {isa = PBXBuildFile; fileRef = D2191E7F268612BD009B2848 /* Chat2chat_objcUITests.m */; };
		D22243C626A5A8BF000DCEEB /* GoogleService-Info.plist in Resources */ = {isa = PBXBuildFile; fileRef = D22243C526A5A8BF000DCEEB /* GoogleService-Info.plist */; };
		D2270A0E2698936D00C4B262 /* SelfMessageTableViewCell.m in Sources */ = {isa = PBXBuildFile; fileRef = D2270A0C2698936D00C4B262 /* SelfMessageTableViewCell.m */; };
		D2270A0F2698936D00C4B262 /* SelfMessageTableViewCell.xib in Resources */ = {isa = PBXBuildFile; fileRef = D2270A0D2698936D00C4B262 /* SelfMessageTableViewCell.xib */; };
		D2270A14269897F800C4B262 /* InterlocutorMessageTableViewCell.m in Sources */ = {isa = PBXBuildFile; fileRef = D2270A12269897F800C4B262 /* InterlocutorMessageTableViewCell.m */; };
		D2270A15269897F800C4B262 /* InterlocutorMessageTableViewCell.xib in Resources */ = {isa = PBXBuildFile; fileRef = D2270A13269897F800C4B262 /* InterlocutorMessageTableViewCell.xib */; };
		D2270A1A2698AA1300C4B262 /* MessageTableViewCell.m in Sources */ = {isa = PBXBuildFile; fileRef = D2270A192698AA1300C4B262 /* MessageTableViewCell.m */; };
		D29EE320268E022A00D898AB /* ChatViewController.m in Sources */ = {isa = PBXBuildFile; fileRef = D29EE31F268E022A00D898AB /* ChatViewController.m */; };
		D2B7F0B026A2D4660021A508 /* FirestoreChatDao.m in Sources */ = {isa = PBXBuildFile; fileRef = D2B7F0AF26A2D4660021A508 /* FirestoreChatDao.m */; };
		D2E6035F269C7CF900CDA8AA /* ChatViewModel.m in Sources */ = {isa = PBXBuildFile; fileRef = D2E6035E269C7CF900CDA8AA /* ChatViewModel.m */; };
		D2E60362269CBE1600CDA8AA /* Message.m in Sources */ = {isa = PBXBuildFile; fileRef = D2E60361269CBE1600CDA8AA /* Message.m */; };
		ECAAFCF2FB62FAAEEB107531 /* Pods_Chat2chat_objc_Chat2chat_objcUITests.framework in Frameworks */ = {isa = PBXBuildFile; fileRef = EAD9EA0322097F628E086697 /* Pods_Chat2chat_objc_Chat2chat_objcUITests.framework */; };
/* End PBXBuildFile section */

/* Begin PBXContainerItemProxy section */
		D2191E71268612BD009B2848 /* PBXContainerItemProxy */ = {
			isa = PBXContainerItemProxy;
			containerPortal = D2191E4D268612B8009B2848 /* Project object */;
			proxyType = 1;
			remoteGlobalIDString = D2191E54268612B8009B2848;
			remoteInfo = "Chat2chat-objc";
		};
		D2191E7C268612BD009B2848 /* PBXContainerItemProxy */ = {
			isa = PBXContainerItemProxy;
			containerPortal = D2191E4D268612B8009B2848 /* Project object */;
			proxyType = 1;
			remoteGlobalIDString = D2191E54268612B8009B2848;
			remoteInfo = "Chat2chat-objc";
		};
/* End PBXContainerItemProxy section */

/* Begin PBXFileReference section */
		8B7649A86F96D62A36BA3319 /* Pods-Chat2chat-objcTests.debug.xcconfig */ = {isa = PBXFileReference; includeInIndex = 1; lastKnownFileType = text.xcconfig; name = "Pods-Chat2chat-objcTests.debug.xcconfig"; path = "Target Support Files/Pods-Chat2chat-objcTests/Pods-Chat2chat-objcTests.debug.xcconfig"; sourceTree = "<group>"; };
		915CA9B02FFB74838C2F77CB /* Pods-Chat2chat-objc.debug.xcconfig */ = {isa = PBXFileReference; includeInIndex = 1; lastKnownFileType = text.xcconfig; name = "Pods-Chat2chat-objc.debug.xcconfig"; path = "Target Support Files/Pods-Chat2chat-objc/Pods-Chat2chat-objc.debug.xcconfig"; sourceTree = "<group>"; };
		9532F6E86748D1CC2862040D /* Pods-Chat2chat-objc-Chat2chat-objcUITests.debug.xcconfig */ = {isa = PBXFileReference; includeInIndex = 1; lastKnownFileType = text.xcconfig; name = "Pods-Chat2chat-objc-Chat2chat-objcUITests.debug.xcconfig"; path = "Target Support Files/Pods-Chat2chat-objc-Chat2chat-objcUITests/Pods-Chat2chat-objc-Chat2chat-objcUITests.debug.xcconfig"; sourceTree = "<group>"; };
		9650D2E933BF85646D0E9DF5 /* Pods_Chat2chat_objcTests.framework */ = {isa = PBXFileReference; explicitFileType = wrapper.framework; includeInIndex = 0; path = Pods_Chat2chat_objcTests.framework; sourceTree = BUILT_PRODUCTS_DIR; };
		98D685D71E58C48CB5AF0E07 /* Pods-Chat2chat-objcTests.release.xcconfig */ = {isa = PBXFileReference; includeInIndex = 1; lastKnownFileType = text.xcconfig; name = "Pods-Chat2chat-objcTests.release.xcconfig"; path = "Target Support Files/Pods-Chat2chat-objcTests/Pods-Chat2chat-objcTests.release.xcconfig"; sourceTree = "<group>"; };
		C6637C9261C9D00D0BB6DA00 /* Pods-Chat2chat-objc-Chat2chat-objcUITests.release.xcconfig */ = {isa = PBXFileReference; includeInIndex = 1; lastKnownFileType = text.xcconfig; name = "Pods-Chat2chat-objc-Chat2chat-objcUITests.release.xcconfig"; path = "Target Support Files/Pods-Chat2chat-objc-Chat2chat-objcUITests/Pods-Chat2chat-objc-Chat2chat-objcUITests.release.xcconfig"; sourceTree = "<group>"; };
		D2191E55268612B8009B2848 /* Chat2chat-objc.app */ = {isa = PBXFileReference; explicitFileType = wrapper.application; includeInIndex = 0; path = "Chat2chat-objc.app"; sourceTree = BUILT_PRODUCTS_DIR; };
		D2191E58268612B8009B2848 /* AppDelegate.h */ = {isa = PBXFileReference; lastKnownFileType = sourcecode.c.h; path = AppDelegate.h; sourceTree = "<group>"; };
		D2191E59268612B8009B2848 /* AppDelegate.m */ = {isa = PBXFileReference; lastKnownFileType = sourcecode.c.objc; path = AppDelegate.m; sourceTree = "<group>"; };
		D2191E5B268612B8009B2848 /* SceneDelegate.h */ = {isa = PBXFileReference; lastKnownFileType = sourcecode.c.h; path = SceneDelegate.h; sourceTree = "<group>"; };
		D2191E5C268612B8009B2848 /* SceneDelegate.m */ = {isa = PBXFileReference; lastKnownFileType = sourcecode.c.objc; path = SceneDelegate.m; sourceTree = "<group>"; };
		D2191E62268612B8009B2848 /* Base */ = {isa = PBXFileReference; lastKnownFileType = file.storyboard; name = Base; path = Base.lproj/Main.storyboard; sourceTree = "<group>"; };
		D2191E64268612BD009B2848 /* Assets.xcassets */ = {isa = PBXFileReference; lastKnownFileType = folder.assetcatalog; path = Assets.xcassets; sourceTree = "<group>"; };
		D2191E67268612BD009B2848 /* Base */ = {isa = PBXFileReference; lastKnownFileType = file.storyboard; name = Base; path = Base.lproj/LaunchScreen.storyboard; sourceTree = "<group>"; };
		D2191E69268612BD009B2848 /* Info.plist */ = {isa = PBXFileReference; lastKnownFileType = text.plist.xml; path = Info.plist; sourceTree = "<group>"; };
		D2191E6A268612BD009B2848 /* main.m */ = {isa = PBXFileReference; lastKnownFileType = sourcecode.c.objc; path = main.m; sourceTree = "<group>"; };
		D2191E70268612BD009B2848 /* Chat2chat-objcTests.xctest */ = {isa = PBXFileReference; explicitFileType = wrapper.cfbundle; includeInIndex = 0; path = "Chat2chat-objcTests.xctest"; sourceTree = BUILT_PRODUCTS_DIR; };
		D2191E74268612BD009B2848 /* Chat2chat_objcTests.m */ = {isa = PBXFileReference; lastKnownFileType = sourcecode.c.objc; path = Chat2chat_objcTests.m; sourceTree = "<group>"; };
		D2191E76268612BD009B2848 /* Info.plist */ = {isa = PBXFileReference; lastKnownFileType = text.plist.xml; path = Info.plist; sourceTree = "<group>"; };
		D2191E7B268612BD009B2848 /* Chat2chat-objcUITests.xctest */ = {isa = PBXFileReference; explicitFileType = wrapper.cfbundle; includeInIndex = 0; path = "Chat2chat-objcUITests.xctest"; sourceTree = BUILT_PRODUCTS_DIR; };
		D2191E7F268612BD009B2848 /* Chat2chat_objcUITests.m */ = {isa = PBXFileReference; lastKnownFileType = sourcecode.c.objc; path = Chat2chat_objcUITests.m; sourceTree = "<group>"; };
		D2191E81268612BD009B2848 /* Info.plist */ = {isa = PBXFileReference; lastKnownFileType = text.plist.xml; path = Info.plist; sourceTree = "<group>"; };
		D22243C526A5A8BF000DCEEB /* GoogleService-Info.plist */ = {isa = PBXFileReference; fileEncoding = 4; lastKnownFileType = text.plist.xml; path = "GoogleService-Info.plist"; sourceTree = "<group>"; };
		D2270A0B2698936D00C4B262 /* SelfMessageTableViewCell.h */ = {isa = PBXFileReference; lastKnownFileType = sourcecode.c.h; path = SelfMessageTableViewCell.h; sourceTree = "<group>"; };
		D2270A0C2698936D00C4B262 /* SelfMessageTableViewCell.m */ = {isa = PBXFileReference; lastKnownFileType = sourcecode.c.objc; path = SelfMessageTableViewCell.m; sourceTree = "<group>"; };
		D2270A0D2698936D00C4B262 /* SelfMessageTableViewCell.xib */ = {isa = PBXFileReference; lastKnownFileType = file.xib; path = SelfMessageTableViewCell.xib; sourceTree = "<group>"; };
		D2270A11269897F800C4B262 /* InterlocutorMessageTableViewCell.h */ = {isa = PBXFileReference; lastKnownFileType = sourcecode.c.h; path = InterlocutorMessageTableViewCell.h; sourceTree = "<group>"; };
		D2270A12269897F800C4B262 /* InterlocutorMessageTableViewCell.m */ = {isa = PBXFileReference; lastKnownFileType = sourcecode.c.objc; path = InterlocutorMessageTableViewCell.m; sourceTree = "<group>"; };
		D2270A13269897F800C4B262 /* InterlocutorMessageTableViewCell.xib */ = {isa = PBXFileReference; lastKnownFileType = file.xib; path = InterlocutorMessageTableViewCell.xib; sourceTree = "<group>"; };
		D2270A182698AA1300C4B262 /* MessageTableViewCell.h */ = {isa = PBXFileReference; lastKnownFileType = sourcecode.c.h; path = MessageTableViewCell.h; sourceTree = "<group>"; };
		D2270A192698AA1300C4B262 /* MessageTableViewCell.m */ = {isa = PBXFileReference; lastKnownFileType = sourcecode.c.objc; path = MessageTableViewCell.m; sourceTree = "<group>"; };
		D28E969F26A2D16B005225F8 /* ChatDao.h */ = {isa = PBXFileReference; lastKnownFileType = sourcecode.c.h; path = ChatDao.h; sourceTree = "<group>"; };
		D28E96A026A2D266005225F8 /* ChatDaoDelegate.h */ = {isa = PBXFileReference; lastKnownFileType = sourcecode.c.h; path = ChatDaoDelegate.h; sourceTree = "<group>"; };
		D29EE31E268E022A00D898AB /* ChatViewController.h */ = {isa = PBXFileReference; lastKnownFileType = sourcecode.c.h; path = ChatViewController.h; sourceTree = "<group>"; };
		D29EE31F268E022A00D898AB /* ChatViewController.m */ = {isa = PBXFileReference; lastKnownFileType = sourcecode.c.objc; path = ChatViewController.m; sourceTree = "<group>"; };
		D2B7F0AE26A2D4660021A508 /* FirestoreChatDao.h */ = {isa = PBXFileReference; lastKnownFileType = sourcecode.c.h; path = FirestoreChatDao.h; sourceTree = "<group>"; };
		D2B7F0AF26A2D4660021A508 /* FirestoreChatDao.m */ = {isa = PBXFileReference; lastKnownFileType = sourcecode.c.objc; path = FirestoreChatDao.m; sourceTree = "<group>"; };
		D2E6035D269C7CF900CDA8AA /* ChatViewModel.h */ = {isa = PBXFileReference; lastKnownFileType = sourcecode.c.h; path = ChatViewModel.h; sourceTree = "<group>"; };
		D2E6035E269C7CF900CDA8AA /* ChatViewModel.m */ = {isa = PBXFileReference; lastKnownFileType = sourcecode.c.objc; path = ChatViewModel.m; sourceTree = "<group>"; };
		D2E60360269CBE1500CDA8AA /* Message.h */ = {isa = PBXFileReference; lastKnownFileType = sourcecode.c.h; path = Message.h; sourceTree = "<group>"; };
		D2E60361269CBE1600CDA8AA /* Message.m */ = {isa = PBXFileReference; lastKnownFileType = sourcecode.c.objc; path = Message.m; sourceTree = "<group>"; };
		D7E3FE43957F489957B91C56 /* Pods_Chat2chat_objc.framework */ = {isa = PBXFileReference; explicitFileType = wrapper.framework; includeInIndex = 0; path = Pods_Chat2chat_objc.framework; sourceTree = BUILT_PRODUCTS_DIR; };
		EAD9EA0322097F628E086697 /* Pods_Chat2chat_objc_Chat2chat_objcUITests.framework */ = {isa = PBXFileReference; explicitFileType = wrapper.framework; includeInIndex = 0; path = Pods_Chat2chat_objc_Chat2chat_objcUITests.framework; sourceTree = BUILT_PRODUCTS_DIR; };
		ED0F8C3707EB448FDCFCD208 /* Pods-Chat2chat-objc.release.xcconfig */ = {isa = PBXFileReference; includeInIndex = 1; lastKnownFileType = text.xcconfig; name = "Pods-Chat2chat-objc.release.xcconfig"; path = "Target Support Files/Pods-Chat2chat-objc/Pods-Chat2chat-objc.release.xcconfig"; sourceTree = "<group>"; };
/* End PBXFileReference section */

/* Begin PBXFrameworksBuildPhase section */
		D2191E52268612B8009B2848 /* Frameworks */ = {
			isa = PBXFrameworksBuildPhase;
			buildActionMask = 2147483647;
			files = (
				CA7691485C96032B63D57C03 /* Pods_Chat2chat_objc.framework in Frameworks */,
			);
			runOnlyForDeploymentPostprocessing = 0;
		};
		D2191E6D268612BD009B2848 /* Frameworks */ = {
			isa = PBXFrameworksBuildPhase;
			buildActionMask = 2147483647;
			files = (
				715D652948E53B5AAE34B288 /* Pods_Chat2chat_objcTests.framework in Frameworks */,
			);
			runOnlyForDeploymentPostprocessing = 0;
		};
		D2191E78268612BD009B2848 /* Frameworks */ = {
			isa = PBXFrameworksBuildPhase;
			buildActionMask = 2147483647;
			files = (
				ECAAFCF2FB62FAAEEB107531 /* Pods_Chat2chat_objc_Chat2chat_objcUITests.framework in Frameworks */,
			);
			runOnlyForDeploymentPostprocessing = 0;
		};
/* End PBXFrameworksBuildPhase section */

/* Begin PBXGroup section */
		35FF3230A161AAFF6FA64873 /* Pods */ = {
			isa = PBXGroup;
			children = (
				915CA9B02FFB74838C2F77CB /* Pods-Chat2chat-objc.debug.xcconfig */,
				ED0F8C3707EB448FDCFCD208 /* Pods-Chat2chat-objc.release.xcconfig */,
				9532F6E86748D1CC2862040D /* Pods-Chat2chat-objc-Chat2chat-objcUITests.debug.xcconfig */,
				C6637C9261C9D00D0BB6DA00 /* Pods-Chat2chat-objc-Chat2chat-objcUITests.release.xcconfig */,
				8B7649A86F96D62A36BA3319 /* Pods-Chat2chat-objcTests.debug.xcconfig */,
				98D685D71E58C48CB5AF0E07 /* Pods-Chat2chat-objcTests.release.xcconfig */,
			);
			path = Pods;
			sourceTree = "<group>";
		};
		D215337226A2C0A000F60D9C /* Dal */ = {
			isa = PBXGroup;
			children = (
				D28E969F26A2D16B005225F8 /* ChatDao.h */,
				D28E96A026A2D266005225F8 /* ChatDaoDelegate.h */,
				D2B7F0AE26A2D4660021A508 /* FirestoreChatDao.h */,
				D2B7F0AF26A2D4660021A508 /* FirestoreChatDao.m */,
			);
			path = Dal;
			sourceTree = "<group>";
		};
		D2191E4C268612B8009B2848 = {
			isa = PBXGroup;
			children = (
				D2191E57268612B8009B2848 /* Chat2chat-objc */,
				D2191E73268612BD009B2848 /* Chat2chat-objcTests */,
				D2191E7E268612BD009B2848 /* Chat2chat-objcUITests */,
				D2191E56268612B8009B2848 /* Products */,
				35FF3230A161AAFF6FA64873 /* Pods */,
				F1B7D58DD0FD9DD9D3DD7453 /* Frameworks */,
			);
			sourceTree = "<group>";
		};
		D2191E56268612B8009B2848 /* Products */ = {
			isa = PBXGroup;
			children = (
				D2191E55268612B8009B2848 /* Chat2chat-objc.app */,
				D2191E70268612BD009B2848 /* Chat2chat-objcTests.xctest */,
				D2191E7B268612BD009B2848 /* Chat2chat-objcUITests.xctest */,
			);
			name = Products;
			sourceTree = "<group>";
		};
		D2191E57268612B8009B2848 /* Chat2chat-objc */ = {
			isa = PBXGroup;
			children = (
				D29EE319268DFF6F00D898AB /* App */,
				D2E6035B269C7CAD00CDA8AA /* Model */,
				D29EE325268E266300D898AB /* View */,
				D2E6035C269C7CB500CDA8AA /* ViewModel */,
				D215337226A2C0A000F60D9C /* Dal */,
				D2191E64268612BD009B2848 /* Assets.xcassets */,
				D22243C526A5A8BF000DCEEB /* GoogleService-Info.plist */,
				D2191E69268612BD009B2848 /* Info.plist */,
			);
			path = "Chat2chat-objc";
			sourceTree = "<group>";
		};
		D2191E73268612BD009B2848 /* Chat2chat-objcTests */ = {
			isa = PBXGroup;
			children = (
				D2191E74268612BD009B2848 /* Chat2chat_objcTests.m */,
				D2191E76268612BD009B2848 /* Info.plist */,
			);
			path = "Chat2chat-objcTests";
			sourceTree = "<group>";
		};
		D2191E7E268612BD009B2848 /* Chat2chat-objcUITests */ = {
			isa = PBXGroup;
			children = (
				D2191E7F268612BD009B2848 /* Chat2chat_objcUITests.m */,
				D2191E81268612BD009B2848 /* Info.plist */,
			);
			path = "Chat2chat-objcUITests";
			sourceTree = "<group>";
		};
		D2270A1B2698AE8700C4B262 /* SelfMessageTableViewCell */ = {
			isa = PBXGroup;
			children = (
				D2270A0C2698936D00C4B262 /* SelfMessageTableViewCell.m */,
				D2270A0B2698936D00C4B262 /* SelfMessageTableViewCell.h */,
				D2270A0D2698936D00C4B262 /* SelfMessageTableViewCell.xib */,
			);
			path = SelfMessageTableViewCell;
			sourceTree = "<group>";
		};
		D2270A1C2698AE9000C4B262 /* InterlocutorMessageTableViewCell */ = {
			isa = PBXGroup;
			children = (
				D2270A11269897F800C4B262 /* InterlocutorMessageTableViewCell.h */,
				D2270A12269897F800C4B262 /* InterlocutorMessageTableViewCell.m */,
				D2270A13269897F800C4B262 /* InterlocutorMessageTableViewCell.xib */,
			);
			path = InterlocutorMessageTableViewCell;
			sourceTree = "<group>";
		};
		D2270A1D2698AE9800C4B262 /* Basic cell */ = {
			isa = PBXGroup;
			children = (
				D2270A182698AA1300C4B262 /* MessageTableViewCell.h */,
				D2270A192698AA1300C4B262 /* MessageTableViewCell.m */,
			);
			path = "Basic cell";
			sourceTree = "<group>";
		};
		D29EE319268DFF6F00D898AB /* App */ = {
			isa = PBXGroup;
			children = (
				D2191E6A268612BD009B2848 /* main.m */,
				D29EE31B268DFFB300D898AB /* AppDelegate */,
				D29EE31C268DFFC100D898AB /* SceneDelegate */,
			);
			path = App;
			sourceTree = "<group>";
		};
		D29EE31B268DFFB300D898AB /* AppDelegate */ = {
			isa = PBXGroup;
			children = (
				D2191E58268612B8009B2848 /* AppDelegate.h */,
				D2191E59268612B8009B2848 /* AppDelegate.m */,
			);
			path = AppDelegate;
			sourceTree = "<group>";
		};
		D29EE31C268DFFC100D898AB /* SceneDelegate */ = {
			isa = PBXGroup;
			children = (
				D2191E5B268612B8009B2848 /* SceneDelegate.h */,
				D2191E5C268612B8009B2848 /* SceneDelegate.m */,
			);
			path = SceneDelegate;
			sourceTree = "<group>";
		};
		D29EE31D268DFFD800D898AB /* Controller */ = {
			isa = PBXGroup;
			children = (
				D29EE31E268E022A00D898AB /* ChatViewController.h */,
				D29EE31F268E022A00D898AB /* ChatViewController.m */,
			);
			path = Controller;
			sourceTree = "<group>";
		};
		D29EE324268E264700D898AB /* MessageCells */ = {
			isa = PBXGroup;
			children = (
				D2270A1B2698AE8700C4B262 /* SelfMessageTableViewCell */,
				D2270A1C2698AE9000C4B262 /* InterlocutorMessageTableViewCell */,
				D2270A1D2698AE9800C4B262 /* Basic cell */,
			);
			path = MessageCells;
			sourceTree = "<group>";
		};
		D29EE325268E266300D898AB /* View */ = {
			isa = PBXGroup;
			children = (
				D29EE324268E264700D898AB /* MessageCells */,
				D29EE31D268DFFD800D898AB /* Controller */,
				D2191E61268612B8009B2848 /* Main.storyboard */,
				D2191E66268612BD009B2848 /* LaunchScreen.storyboard */,
			);
			path = View;
			sourceTree = "<group>";
		};
		D2E6035B269C7CAD00CDA8AA /* Model */ = {
			isa = PBXGroup;
			children = (
				D2E60360269CBE1500CDA8AA /* Message.h */,
				D2E60361269CBE1600CDA8AA /* Message.m */,
			);
			path = Model;
			sourceTree = "<group>";
		};
		D2E6035C269C7CB500CDA8AA /* ViewModel */ = {
			isa = PBXGroup;
			children = (
				D2E6035D269C7CF900CDA8AA /* ChatViewModel.h */,
				D2E6035E269C7CF900CDA8AA /* ChatViewModel.m */,
			);
			path = ViewModel;
			sourceTree = "<group>";
		};
		F1B7D58DD0FD9DD9D3DD7453 /* Frameworks */ = {
			isa = PBXGroup;
			children = (
				D7E3FE43957F489957B91C56 /* Pods_Chat2chat_objc.framework */,
				EAD9EA0322097F628E086697 /* Pods_Chat2chat_objc_Chat2chat_objcUITests.framework */,
				9650D2E933BF85646D0E9DF5 /* Pods_Chat2chat_objcTests.framework */,
			);
			name = Frameworks;
			sourceTree = "<group>";
		};
/* End PBXGroup section */

/* Begin PBXNativeTarget section */
		D2191E54268612B8009B2848 /* Chat2chat-objc */ = {
			isa = PBXNativeTarget;
			buildConfigurationList = D2191E84268612BD009B2848 /* Build configuration list for PBXNativeTarget "Chat2chat-objc" */;
			buildPhases = (
				E8A6A8B44F58516DA2EBDC2E /* [CP] Check Pods Manifest.lock */,
				D2191E51268612B8009B2848 /* Sources */,
				D2191E52268612B8009B2848 /* Frameworks */,
				D2191E53268612B8009B2848 /* Resources */,
				8804D0CE96CA23B8958542AE /* [CP] Embed Pods Frameworks */,
			);
			buildRules = (
			);
			dependencies = (
			);
			name = "Chat2chat-objc";
			productName = "Chat2chat-objc";
			productReference = D2191E55268612B8009B2848 /* Chat2chat-objc.app */;
			productType = "com.apple.product-type.application";
		};
		D2191E6F268612BD009B2848 /* Chat2chat-objcTests */ = {
			isa = PBXNativeTarget;
			buildConfigurationList = D2191E87268612BD009B2848 /* Build configuration list for PBXNativeTarget "Chat2chat-objcTests" */;
			buildPhases = (
				5B98148C9C8B4E2F053811A5 /* [CP] Check Pods Manifest.lock */,
				D2191E6C268612BD009B2848 /* Sources */,
				D2191E6D268612BD009B2848 /* Frameworks */,
				D2191E6E268612BD009B2848 /* Resources */,
				2E2A03EF4A48D09D64CB8EC6 /* [CP] Embed Pods Frameworks */,
			);
			buildRules = (
			);
			dependencies = (
				D2191E72268612BD009B2848 /* PBXTargetDependency */,
			);
			name = "Chat2chat-objcTests";
			productName = "Chat2chat-objcTests";
			productReference = D2191E70268612BD009B2848 /* Chat2chat-objcTests.xctest */;
			productType = "com.apple.product-type.bundle.unit-test";
		};
		D2191E7A268612BD009B2848 /* Chat2chat-objcUITests */ = {
			isa = PBXNativeTarget;
			buildConfigurationList = D2191E8A268612BD009B2848 /* Build configuration list for PBXNativeTarget "Chat2chat-objcUITests" */;
			buildPhases = (
				6779FEB5855D5CFF5222F40E /* [CP] Check Pods Manifest.lock */,
				D2191E77268612BD009B2848 /* Sources */,
				D2191E78268612BD009B2848 /* Frameworks */,
				D2191E79268612BD009B2848 /* Resources */,
				5220AA933C61046B025DED96 /* [CP] Embed Pods Frameworks */,
			);
			buildRules = (
			);
			dependencies = (
				D2191E7D268612BD009B2848 /* PBXTargetDependency */,
			);
			name = "Chat2chat-objcUITests";
			productName = "Chat2chat-objcUITests";
			productReference = D2191E7B268612BD009B2848 /* Chat2chat-objcUITests.xctest */;
			productType = "com.apple.product-type.bundle.ui-testing";
		};
/* End PBXNativeTarget section */

/* Begin PBXProject section */
		D2191E4D268612B8009B2848 /* Project object */ = {
			isa = PBXProject;
			attributes = {
				LastUpgradeCheck = 1250;
				TargetAttributes = {
					D2191E54268612B8009B2848 = {
						CreatedOnToolsVersion = 12.5.1;
					};
					D2191E6F268612BD009B2848 = {
						CreatedOnToolsVersion = 12.5.1;
						TestTargetID = D2191E54268612B8009B2848;
					};
					D2191E7A268612BD009B2848 = {
						CreatedOnToolsVersion = 12.5.1;
						TestTargetID = D2191E54268612B8009B2848;
					};
				};
			};
			buildConfigurationList = D2191E50268612B8009B2848 /* Build configuration list for PBXProject "Chat2chat-objc" */;
			compatibilityVersion = "Xcode 9.3";
			developmentRegion = en;
			hasScannedForEncodings = 0;
			knownRegions = (
				en,
				Base,
			);
			mainGroup = D2191E4C268612B8009B2848;
			productRefGroup = D2191E56268612B8009B2848 /* Products */;
			projectDirPath = "";
			projectRoot = "";
			targets = (
				D2191E54268612B8009B2848 /* Chat2chat-objc */,
				D2191E6F268612BD009B2848 /* Chat2chat-objcTests */,
				D2191E7A268612BD009B2848 /* Chat2chat-objcUITests */,
			);
		};
/* End PBXProject section */

/* Begin PBXResourcesBuildPhase section */
		D2191E53268612B8009B2848 /* Resources */ = {
			isa = PBXResourcesBuildPhase;
			buildActionMask = 2147483647;
			files = (
				D2191E68268612BD009B2848 /* LaunchScreen.storyboard in Resources */,
				D2191E65268612BD009B2848 /* Assets.xcassets in Resources */,
				D2191E63268612B8009B2848 /* Main.storyboard in Resources */,
				D2270A15269897F800C4B262 /* InterlocutorMessageTableViewCell.xib in Resources */,
				D2270A0F2698936D00C4B262 /* SelfMessageTableViewCell.xib in Resources */,
				D22243C626A5A8BF000DCEEB /* GoogleService-Info.plist in Resources */,
			);
			runOnlyForDeploymentPostprocessing = 0;
		};
		D2191E6E268612BD009B2848 /* Resources */ = {
			isa = PBXResourcesBuildPhase;
			buildActionMask = 2147483647;
			files = (
			);
			runOnlyForDeploymentPostprocessing = 0;
		};
		D2191E79268612BD009B2848 /* Resources */ = {
			isa = PBXResourcesBuildPhase;
			buildActionMask = 2147483647;
			files = (
			);
			runOnlyForDeploymentPostprocessing = 0;
		};
/* End PBXResourcesBuildPhase section */

/* Begin PBXShellScriptBuildPhase section */
		2E2A03EF4A48D09D64CB8EC6 /* [CP] Embed Pods Frameworks */ = {
			isa = PBXShellScriptBuildPhase;
			buildActionMask = 2147483647;
			files = (
			);
			inputFileListPaths = (
				"${PODS_ROOT}/Target Support Files/Pods-Chat2chat-objcTests/Pods-Chat2chat-objcTests-frameworks-${CONFIGURATION}-input-files.xcfilelist",
			);
			name = "[CP] Embed Pods Frameworks";
			outputFileListPaths = (
				"${PODS_ROOT}/Target Support Files/Pods-Chat2chat-objcTests/Pods-Chat2chat-objcTests-frameworks-${CONFIGURATION}-output-files.xcfilelist",
			);
			runOnlyForDeploymentPostprocessing = 0;
			shellPath = /bin/sh;
			shellScript = "\"${PODS_ROOT}/Target Support Files/Pods-Chat2chat-objcTests/Pods-Chat2chat-objcTests-frameworks.sh\"\n";
			showEnvVarsInLog = 0;
		};
		5220AA933C61046B025DED96 /* [CP] Embed Pods Frameworks */ = {
			isa = PBXShellScriptBuildPhase;
			buildActionMask = 2147483647;
			files = (
			);
			inputFileListPaths = (
				"${PODS_ROOT}/Target Support Files/Pods-Chat2chat-objc-Chat2chat-objcUITests/Pods-Chat2chat-objc-Chat2chat-objcUITests-frameworks-${CONFIGURATION}-input-files.xcfilelist",
			);
			name = "[CP] Embed Pods Frameworks";
			outputFileListPaths = (
				"${PODS_ROOT}/Target Support Files/Pods-Chat2chat-objc-Chat2chat-objcUITests/Pods-Chat2chat-objc-Chat2chat-objcUITests-frameworks-${CONFIGURATION}-output-files.xcfilelist",
			);
			runOnlyForDeploymentPostprocessing = 0;
			shellPath = /bin/sh;
			shellScript = "\"${PODS_ROOT}/Target Support Files/Pods-Chat2chat-objc-Chat2chat-objcUITests/Pods-Chat2chat-objc-Chat2chat-objcUITests-frameworks.sh\"\n";
			showEnvVarsInLog = 0;
		};
		5B98148C9C8B4E2F053811A5 /* [CP] Check Pods Manifest.lock */ = {
			isa = PBXShellScriptBuildPhase;
			buildActionMask = 2147483647;
			files = (
			);
			inputFileListPaths = (
			);
			inputPaths = (
				"${PODS_PODFILE_DIR_PATH}/Podfile.lock",
				"${PODS_ROOT}/Manifest.lock",
			);
			name = "[CP] Check Pods Manifest.lock";
			outputFileListPaths = (
			);
			outputPaths = (
				"$(DERIVED_FILE_DIR)/Pods-Chat2chat-objcTests-checkManifestLockResult.txt",
			);
			runOnlyForDeploymentPostprocessing = 0;
			shellPath = /bin/sh;
			shellScript = "diff \"${PODS_PODFILE_DIR_PATH}/Podfile.lock\" \"${PODS_ROOT}/Manifest.lock\" > /dev/null\nif [ $? != 0 ] ; then\n    # print error to STDERR\n    echo \"error: The sandbox is not in sync with the Podfile.lock. Run 'pod install' or update your CocoaPods installation.\" >&2\n    exit 1\nfi\n# This output is used by Xcode 'outputs' to avoid re-running this script phase.\necho \"SUCCESS\" > \"${SCRIPT_OUTPUT_FILE_0}\"\n";
			showEnvVarsInLog = 0;
		};
		6779FEB5855D5CFF5222F40E /* [CP] Check Pods Manifest.lock */ = {
			isa = PBXShellScriptBuildPhase;
			buildActionMask = 2147483647;
			files = (
			);
			inputFileListPaths = (
			);
			inputPaths = (
				"${PODS_PODFILE_DIR_PATH}/Podfile.lock",
				"${PODS_ROOT}/Manifest.lock",
			);
			name = "[CP] Check Pods Manifest.lock";
			outputFileListPaths = (
			);
			outputPaths = (
				"$(DERIVED_FILE_DIR)/Pods-Chat2chat-objc-Chat2chat-objcUITests-checkManifestLockResult.txt",
			);
			runOnlyForDeploymentPostprocessing = 0;
			shellPath = /bin/sh;
			shellScript = "diff \"${PODS_PODFILE_DIR_PATH}/Podfile.lock\" \"${PODS_ROOT}/Manifest.lock\" > /dev/null\nif [ $? != 0 ] ; then\n    # print error to STDERR\n    echo \"error: The sandbox is not in sync with the Podfile.lock. Run 'pod install' or update your CocoaPods installation.\" >&2\n    exit 1\nfi\n# This output is used by Xcode 'outputs' to avoid re-running this script phase.\necho \"SUCCESS\" > \"${SCRIPT_OUTPUT_FILE_0}\"\n";
			showEnvVarsInLog = 0;
		};
		8804D0CE96CA23B8958542AE /* [CP] Embed Pods Frameworks */ = {
			isa = PBXShellScriptBuildPhase;
			buildActionMask = 2147483647;
			files = (
			);
			inputFileListPaths = (
				"${PODS_ROOT}/Target Support Files/Pods-Chat2chat-objc/Pods-Chat2chat-objc-frameworks-${CONFIGURATION}-input-files.xcfilelist",
			);
			name = "[CP] Embed Pods Frameworks";
			outputFileListPaths = (
				"${PODS_ROOT}/Target Support Files/Pods-Chat2chat-objc/Pods-Chat2chat-objc-frameworks-${CONFIGURATION}-output-files.xcfilelist",
			);
			runOnlyForDeploymentPostprocessing = 0;
			shellPath = /bin/sh;
			shellScript = "\"${PODS_ROOT}/Target Support Files/Pods-Chat2chat-objc/Pods-Chat2chat-objc-frameworks.sh\"\n";
			showEnvVarsInLog = 0;
		};
		E8A6A8B44F58516DA2EBDC2E /* [CP] Check Pods Manifest.lock */ = {
			isa = PBXShellScriptBuildPhase;
			buildActionMask = 2147483647;
			files = (
			);
			inputFileListPaths = (
			);
			inputPaths = (
				"${PODS_PODFILE_DIR_PATH}/Podfile.lock",
				"${PODS_ROOT}/Manifest.lock",
			);
			name = "[CP] Check Pods Manifest.lock";
			outputFileListPaths = (
			);
			outputPaths = (
				"$(DERIVED_FILE_DIR)/Pods-Chat2chat-objc-checkManifestLockResult.txt",
			);
			runOnlyForDeploymentPostprocessing = 0;
			shellPath = /bin/sh;
			shellScript = "diff \"${PODS_PODFILE_DIR_PATH}/Podfile.lock\" \"${PODS_ROOT}/Manifest.lock\" > /dev/null\nif [ $? != 0 ] ; then\n    # print error to STDERR\n    echo \"error: The sandbox is not in sync with the Podfile.lock. Run 'pod install' or update your CocoaPods installation.\" >&2\n    exit 1\nfi\n# This output is used by Xcode 'outputs' to avoid re-running this script phase.\necho \"SUCCESS\" > \"${SCRIPT_OUTPUT_FILE_0}\"\n";
			showEnvVarsInLog = 0;
		};
/* End PBXShellScriptBuildPhase section */

/* Begin PBXSourcesBuildPhase section */
		D2191E51268612B8009B2848 /* Sources */ = {
			isa = PBXSourcesBuildPhase;
			buildActionMask = 2147483647;
			files = (
				D2191E5A268612B8009B2848 /* AppDelegate.m in Sources */,
				D2270A0E2698936D00C4B262 /* SelfMessageTableViewCell.m in Sources */,
				D2270A1A2698AA1300C4B262 /* MessageTableViewCell.m in Sources */,
				D2191E6B268612BD009B2848 /* main.m in Sources */,
				D2B7F0B026A2D4660021A508 /* FirestoreChatDao.m in Sources */,
				D2270A14269897F800C4B262 /* InterlocutorMessageTableViewCell.m in Sources */,
				D29EE320268E022A00D898AB /* ChatViewController.m in Sources */,
				D2E6035F269C7CF900CDA8AA /* ChatViewModel.m in Sources */,
				D2E60362269CBE1600CDA8AA /* Message.m in Sources */,
				D2191E5D268612B8009B2848 /* SceneDelegate.m in Sources */,
			);
			runOnlyForDeploymentPostprocessing = 0;
		};
		D2191E6C268612BD009B2848 /* Sources */ = {
			isa = PBXSourcesBuildPhase;
			buildActionMask = 2147483647;
			files = (
				D2191E75268612BD009B2848 /* Chat2chat_objcTests.m in Sources */,
			);
			runOnlyForDeploymentPostprocessing = 0;
		};
		D2191E77268612BD009B2848 /* Sources */ = {
			isa = PBXSourcesBuildPhase;
			buildActionMask = 2147483647;
			files = (
				D2191E80268612BD009B2848 /* Chat2chat_objcUITests.m in Sources */,
			);
			runOnlyForDeploymentPostprocessing = 0;
		};
/* End PBXSourcesBuildPhase section */

/* Begin PBXTargetDependency section */
		D2191E72268612BD009B2848 /* PBXTargetDependency */ = {
			isa = PBXTargetDependency;
			target = D2191E54268612B8009B2848 /* Chat2chat-objc */;
			targetProxy = D2191E71268612BD009B2848 /* PBXContainerItemProxy */;
		};
		D2191E7D268612BD009B2848 /* PBXTargetDependency */ = {
			isa = PBXTargetDependency;
			target = D2191E54268612B8009B2848 /* Chat2chat-objc */;
			targetProxy = D2191E7C268612BD009B2848 /* PBXContainerItemProxy */;
		};
/* End PBXTargetDependency section */

/* Begin PBXVariantGroup section */
		D2191E61268612B8009B2848 /* Main.storyboard */ = {
			isa = PBXVariantGroup;
			children = (
				D2191E62268612B8009B2848 /* Base */,
			);
			name = Main.storyboard;
			sourceTree = "<group>";
		};
		D2191E66268612BD009B2848 /* LaunchScreen.storyboard */ = {
			isa = PBXVariantGroup;
			children = (
				D2191E67268612BD009B2848 /* Base */,
			);
			name = LaunchScreen.storyboard;
			sourceTree = "<group>";
		};
/* End PBXVariantGroup section */

/* Begin XCBuildConfiguration section */
		D2191E82268612BD009B2848 /* Debug */ = {
			isa = XCBuildConfiguration;
			buildSettings = {
				ALWAYS_SEARCH_USER_PATHS = NO;
				CLANG_ANALYZER_NONNULL = YES;
				CLANG_ANALYZER_NUMBER_OBJECT_CONVERSION = YES_AGGRESSIVE;
				CLANG_CXX_LANGUAGE_STANDARD = "gnu++14";
				CLANG_CXX_LIBRARY = "libc++";
				CLANG_ENABLE_MODULES = YES;
				CLANG_ENABLE_OBJC_ARC = YES;
				CLANG_ENABLE_OBJC_WEAK = YES;
				CLANG_WARN_BLOCK_CAPTURE_AUTORELEASING = YES;
				CLANG_WARN_BOOL_CONVERSION = YES;
				CLANG_WARN_COMMA = YES;
				CLANG_WARN_CONSTANT_CONVERSION = YES;
				CLANG_WARN_DEPRECATED_OBJC_IMPLEMENTATIONS = YES;
				CLANG_WARN_DIRECT_OBJC_ISA_USAGE = YES_ERROR;
				CLANG_WARN_DOCUMENTATION_COMMENTS = YES;
				CLANG_WARN_EMPTY_BODY = YES;
				CLANG_WARN_ENUM_CONVERSION = YES;
				CLANG_WARN_INFINITE_RECURSION = YES;
				CLANG_WARN_INT_CONVERSION = YES;
				CLANG_WARN_NON_LITERAL_NULL_CONVERSION = YES;
				CLANG_WARN_OBJC_IMPLICIT_RETAIN_SELF = YES;
				CLANG_WARN_OBJC_LITERAL_CONVERSION = YES;
				CLANG_WARN_OBJC_ROOT_CLASS = YES_ERROR;
				CLANG_WARN_QUOTED_INCLUDE_IN_FRAMEWORK_HEADER = YES;
				CLANG_WARN_RANGE_LOOP_ANALYSIS = YES;
				CLANG_WARN_STRICT_PROTOTYPES = YES;
				CLANG_WARN_SUSPICIOUS_MOVE = YES;
				CLANG_WARN_UNGUARDED_AVAILABILITY = YES_AGGRESSIVE;
				CLANG_WARN_UNREACHABLE_CODE = YES;
				CLANG_WARN__DUPLICATE_METHOD_MATCH = YES;
				COPY_PHASE_STRIP = NO;
				DEBUG_INFORMATION_FORMAT = dwarf;
				ENABLE_STRICT_OBJC_MSGSEND = YES;
				ENABLE_TESTABILITY = YES;
				GCC_C_LANGUAGE_STANDARD = gnu11;
				GCC_DYNAMIC_NO_PIC = NO;
				GCC_NO_COMMON_BLOCKS = YES;
				GCC_OPTIMIZATION_LEVEL = 0;
				GCC_PREPROCESSOR_DEFINITIONS = (
					"DEBUG=1",
					"$(inherited)",
				);
				GCC_WARN_64_TO_32_BIT_CONVERSION = YES;
				GCC_WARN_ABOUT_RETURN_TYPE = YES_ERROR;
				GCC_WARN_UNDECLARED_SELECTOR = YES;
				GCC_WARN_UNINITIALIZED_AUTOS = YES_AGGRESSIVE;
				GCC_WARN_UNUSED_FUNCTION = YES;
				GCC_WARN_UNUSED_VARIABLE = YES;
				IPHONEOS_DEPLOYMENT_TARGET = 14.5;
				MTL_ENABLE_DEBUG_INFO = INCLUDE_SOURCE;
				MTL_FAST_MATH = YES;
				ONLY_ACTIVE_ARCH = YES;
				SDKROOT = iphoneos;
			};
			name = Debug;
		};
		D2191E83268612BD009B2848 /* Release */ = {
			isa = XCBuildConfiguration;
			buildSettings = {
				ALWAYS_SEARCH_USER_PATHS = NO;
				CLANG_ANALYZER_NONNULL = YES;
				CLANG_ANALYZER_NUMBER_OBJECT_CONVERSION = YES_AGGRESSIVE;
				CLANG_CXX_LANGUAGE_STANDARD = "gnu++14";
				CLANG_CXX_LIBRARY = "libc++";
				CLANG_ENABLE_MODULES = YES;
				CLANG_ENABLE_OBJC_ARC = YES;
				CLANG_ENABLE_OBJC_WEAK = YES;
				CLANG_WARN_BLOCK_CAPTURE_AUTORELEASING = YES;
				CLANG_WARN_BOOL_CONVERSION = YES;
				CLANG_WARN_COMMA = YES;
				CLANG_WARN_CONSTANT_CONVERSION = YES;
				CLANG_WARN_DEPRECATED_OBJC_IMPLEMENTATIONS = YES;
				CLANG_WARN_DIRECT_OBJC_ISA_USAGE = YES_ERROR;
				CLANG_WARN_DOCUMENTATION_COMMENTS = YES;
				CLANG_WARN_EMPTY_BODY = YES;
				CLANG_WARN_ENUM_CONVERSION = YES;
				CLANG_WARN_INFINITE_RECURSION = YES;
				CLANG_WARN_INT_CONVERSION = YES;
				CLANG_WARN_NON_LITERAL_NULL_CONVERSION = YES;
				CLANG_WARN_OBJC_IMPLICIT_RETAIN_SELF = YES;
				CLANG_WARN_OBJC_LITERAL_CONVERSION = YES;
				CLANG_WARN_OBJC_ROOT_CLASS = YES_ERROR;
				CLANG_WARN_QUOTED_INCLUDE_IN_FRAMEWORK_HEADER = YES;
				CLANG_WARN_RANGE_LOOP_ANALYSIS = YES;
				CLANG_WARN_STRICT_PROTOTYPES = YES;
				CLANG_WARN_SUSPICIOUS_MOVE = YES;
				CLANG_WARN_UNGUARDED_AVAILABILITY = YES_AGGRESSIVE;
				CLANG_WARN_UNREACHABLE_CODE = YES;
				CLANG_WARN__DUPLICATE_METHOD_MATCH = YES;
				COPY_PHASE_STRIP = NO;
				DEBUG_INFORMATION_FORMAT = "dwarf-with-dsym";
				ENABLE_NS_ASSERTIONS = NO;
				ENABLE_STRICT_OBJC_MSGSEND = YES;
				GCC_C_LANGUAGE_STANDARD = gnu11;
				GCC_NO_COMMON_BLOCKS = YES;
				GCC_WARN_64_TO_32_BIT_CONVERSION = YES;
				GCC_WARN_ABOUT_RETURN_TYPE = YES_ERROR;
				GCC_WARN_UNDECLARED_SELECTOR = YES;
				GCC_WARN_UNINITIALIZED_AUTOS = YES_AGGRESSIVE;
				GCC_WARN_UNUSED_FUNCTION = YES;
				GCC_WARN_UNUSED_VARIABLE = YES;
				IPHONEOS_DEPLOYMENT_TARGET = 14.5;
				MTL_ENABLE_DEBUG_INFO = NO;
				MTL_FAST_MATH = YES;
				SDKROOT = iphoneos;
				VALIDATE_PRODUCT = YES;
			};
			name = Release;
		};
		D2191E85268612BD009B2848 /* Debug */ = {
			isa = XCBuildConfiguration;
			baseConfigurationReference = 915CA9B02FFB74838C2F77CB /* Pods-Chat2chat-objc.debug.xcconfig */;
			buildSettings = {
				ASSETCATALOG_COMPILER_APPICON_NAME = AppIcon;
				ASSETCATALOG_COMPILER_GLOBAL_ACCENT_COLOR_NAME = AccentColor;
				CODE_SIGN_STYLE = Automatic;
				DEVELOPMENT_TEAM = CUJ73BXL42;
				INFOPLIST_FILE = "Chat2chat-objc/Info.plist";
				LD_RUNPATH_SEARCH_PATHS = (
					"$(inherited)",
					"@executable_path/Frameworks",
				);
				PRODUCT_BUNDLE_IDENTIFIER = "kurking.Chat2chat-objc";
				PRODUCT_NAME = "$(TARGET_NAME)";
				TARGETED_DEVICE_FAMILY = "1,2";
			};
			name = Debug;
		};
		D2191E86268612BD009B2848 /* Release */ = {
			isa = XCBuildConfiguration;
			baseConfigurationReference = ED0F8C3707EB448FDCFCD208 /* Pods-Chat2chat-objc.release.xcconfig */;
			buildSettings = {
				ASSETCATALOG_COMPILER_APPICON_NAME = AppIcon;
				ASSETCATALOG_COMPILER_GLOBAL_ACCENT_COLOR_NAME = AccentColor;
				CODE_SIGN_STYLE = Automatic;
				DEVELOPMENT_TEAM = CUJ73BXL42;
				INFOPLIST_FILE = "Chat2chat-objc/Info.plist";
				LD_RUNPATH_SEARCH_PATHS = (
					"$(inherited)",
					"@executable_path/Frameworks",
				);
				PRODUCT_BUNDLE_IDENTIFIER = "kurking.Chat2chat-objc";
				PRODUCT_NAME = "$(TARGET_NAME)";
				TARGETED_DEVICE_FAMILY = "1,2";
			};
			name = Release;
		};
		D2191E88268612BD009B2848 /* Debug */ = {
			isa = XCBuildConfiguration;
			baseConfigurationReference = 8B7649A86F96D62A36BA3319 /* Pods-Chat2chat-objcTests.debug.xcconfig */;
			buildSettings = {
				BUNDLE_LOADER = "$(TEST_HOST)";
				CODE_SIGN_STYLE = Automatic;
				DEVELOPMENT_TEAM = CUJ73BXL42;
				INFOPLIST_FILE = "Chat2chat-objcTests/Info.plist";
				IPHONEOS_DEPLOYMENT_TARGET = 14.5;
				LD_RUNPATH_SEARCH_PATHS = (
					"$(inherited)",
					"@executable_path/Frameworks",
					"@loader_path/Frameworks",
				);
				PRODUCT_BUNDLE_IDENTIFIER = "kurking.Chat2chat-objcTests";
				PRODUCT_NAME = "$(TARGET_NAME)";
				TARGETED_DEVICE_FAMILY = "1,2";
				TEST_HOST = "$(BUILT_PRODUCTS_DIR)/Chat2chat-objc.app/Chat2chat-objc";
			};
			name = Debug;
		};
		D2191E89268612BD009B2848 /* Release */ = {
			isa = XCBuildConfiguration;
			baseConfigurationReference = 98D685D71E58C48CB5AF0E07 /* Pods-Chat2chat-objcTests.release.xcconfig */;
			buildSettings = {
				BUNDLE_LOADER = "$(TEST_HOST)";
				CODE_SIGN_STYLE = Automatic;
				DEVELOPMENT_TEAM = CUJ73BXL42;
				INFOPLIST_FILE = "Chat2chat-objcTests/Info.plist";
				IPHONEOS_DEPLOYMENT_TARGET = 14.5;
				LD_RUNPATH_SEARCH_PATHS = (
					"$(inherited)",
					"@executable_path/Frameworks",
					"@loader_path/Frameworks",
				);
				PRODUCT_BUNDLE_IDENTIFIER = "kurking.Chat2chat-objcTests";
				PRODUCT_NAME = "$(TARGET_NAME)";
				TARGETED_DEVICE_FAMILY = "1,2";
				TEST_HOST = "$(BUILT_PRODUCTS_DIR)/Chat2chat-objc.app/Chat2chat-objc";
			};
			name = Release;
		};
		D2191E8B268612BD009B2848 /* Debug */ = {
			isa = XCBuildConfiguration;
			baseConfigurationReference = 9532F6E86748D1CC2862040D /* Pods-Chat2chat-objc-Chat2chat-objcUITests.debug.xcconfig */;
			buildSettings = {
				CODE_SIGN_STYLE = Automatic;
				DEVELOPMENT_TEAM = CUJ73BXL42;
				INFOPLIST_FILE = "Chat2chat-objcUITests/Info.plist";
				LD_RUNPATH_SEARCH_PATHS = (
					"$(inherited)",
					"@executable_path/Frameworks",
					"@loader_path/Frameworks",
				);
				PRODUCT_BUNDLE_IDENTIFIER = "kurking.Chat2chat-objcUITests";
				PRODUCT_NAME = "$(TARGET_NAME)";
				TARGETED_DEVICE_FAMILY = "1,2";
				TEST_TARGET_NAME = "Chat2chat-objc";
			};
			name = Debug;
		};
		D2191E8C268612BD009B2848 /* Release */ = {
			isa = XCBuildConfiguration;
			baseConfigurationReference = C6637C9261C9D00D0BB6DA00 /* Pods-Chat2chat-objc-Chat2chat-objcUITests.release.xcconfig */;
			buildSettings = {
				CODE_SIGN_STYLE = Automatic;
				DEVELOPMENT_TEAM = CUJ73BXL42;
				INFOPLIST_FILE = "Chat2chat-objcUITests/Info.plist";
				LD_RUNPATH_SEARCH_PATHS = (
					"$(inherited)",
					"@executable_path/Frameworks",
					"@loader_path/Frameworks",
				);
				PRODUCT_BUNDLE_IDENTIFIER = "kurking.Chat2chat-objcUITests";
				PRODUCT_NAME = "$(TARGET_NAME)";
				TARGETED_DEVICE_FAMILY = "1,2";
				TEST_TARGET_NAME = "Chat2chat-objc";
			};
			name = Release;
		};
/* End XCBuildConfiguration section */

/* Begin XCConfigurationList section */
		D2191E50268612B8009B2848 /* Build configuration list for PBXProject "Chat2chat-objc" */ = {
			isa = XCConfigurationList;
			buildConfigurations = (
				D2191E82268612BD009B2848 /* Debug */,
				D2191E83268612BD009B2848 /* Release */,
			);
			defaultConfigurationIsVisible = 0;
			defaultConfigurationName = Release;
		};
		D2191E84268612BD009B2848 /* Build configuration list for PBXNativeTarget "Chat2chat-objc" */ = {
			isa = XCConfigurationList;
			buildConfigurations = (
				D2191E85268612BD009B2848 /* Debug */,
				D2191E86268612BD009B2848 /* Release */,
			);
			defaultConfigurationIsVisible = 0;
			defaultConfigurationName = Release;
		};
		D2191E87268612BD009B2848 /* Build configuration list for PBXNativeTarget "Chat2chat-objcTests" */ = {
			isa = XCConfigurationList;
			buildConfigurations = (
				D2191E88268612BD009B2848 /* Debug */,
				D2191E89268612BD009B2848 /* Release */,
			);
			defaultConfigurationIsVisible = 0;
			defaultConfigurationName = Release;
		};
		D2191E8A268612BD009B2848 /* Build configuration list for PBXNativeTarget "Chat2chat-objcUITests" */ = {
			isa = XCConfigurationList;
			buildConfigurations = (
				D2191E8B268612BD009B2848 /* Debug */,
				D2191E8C268612BD009B2848 /* Release */,
			);
			defaultConfigurationIsVisible = 0;
			defaultConfigurationName = Release;
		};
/* End XCConfigurationList section */
	};
	rootObject = D2191E4D268612B8009B2848 /* Project object */;
}
